{
  "version": "4",
  "specifiers": {
    "jsr:@hono/hono@^4.7.6": "4.7.6",
    "jsr:@std/dotenv@*": "0.225.3",
    "jsr:@std/dotenv@~0.225.3": "0.225.3",
    "npm:zod@^3.24.3": "3.24.3"
  },
  "jsr": {
    "@hono/hono@4.7.6": {
      "integrity": "407da752c13d4644bb9d363f8349db7542e21abc3db8c13ca90cf69d8ab675ad"
    },
    "@std/dotenv@0.225.3": {
      "integrity": "a95e5b812c27b0854c52acbae215856d9cce9d4bbf774d938c51d212711e8d4a"
    }
  },
  "npm": {
    "zod@3.24.3": {
      "integrity": "sha512-HhY1oqzWCQWuUqvBFnsyrtZRhyPeR7SUGv+C4+MsisMuVfSPx8HpwWqH8tRahSlt6M3PiFAcoeFhZAqIXTxoSg=="
    }
  },
  "workspace": {
    "dependencies": [
      "jsr:@hono/hono@^4.7.6",
      "jsr:@std/dotenv@~0.225.3"
    ],
    "packageJson": {
      "dependencies": [
        "npm:zod@^3.24.3"
      ]
    }
  }
}
